
Microsoft Visual Studio Solution File, Format Version 12.00
# Visual Studio Version 17
VisualStudioVersion = 17.14.36511.14
MinimumVisualStudioVersion = 10.0.40219.1
Project("{FAE04EC0-301F-11D3-BF4B-00C04F79EFBC}") = "Assignment 4", "Assignment 4.csproj", "{4428600E-1730-400E-9429-916D5B466C48}"
EndProject
Global
	GlobalSection(SolutionConfigurationPlatforms) = preSolution
		Debug|Any CPU = Debug|Any CPU
		Release|Any CPU = Release|Any CPU
	EndGlobalSection
	GlobalSection(ProjectConfigurationPlatforms) = postSolution
		{4428600E-1730-400E-9429-916D5B466C48}.Debug|Any CPU.ActiveCfg = Debug|Any CPU
		{4428600E-1730-400E-9429-916D5B466C48}.Debug|Any CPU.Build.0 = Debug|Any CPU
		{4428600E-1730-400E-9429-916D5B466C48}.Release|Any CPU.ActiveCfg = Release|Any CPU
		{4428600E-1730-400E-9429-916D5B466C48}.Release|Any CPU.Build.0 = Release|Any CPU
	EndGlobalSection
	GlobalSection(SolutionProperties) = preSolution
		HideSolutionNode = FALSE
	EndGlobalSection
	GlobalSection(ExtensibilityGlobals) = postSolution
		SolutionGuid = {138DC3D2-9F10-42FB-A9DE-1FB3ECCB60CC}
	EndGlobalSection
EndGlobal
